
Microsoft Visual Studio Solution File, Format Version 12.00
# Visual Studio 15
VisualStudioVersion = 15.0.27130.2027
MinimumVisualStudioVersion = 10.0.40219.1
Project("{2150E333-8FDC-42A3-9474-1A3956D46DE8}") = "JarvisApp", "JarvisApp", "{7F766780-4DA8-4257-8D75-9D432C95CBB4}"
EndProject
Project("{FAE04EC0-301F-11D3-BF4B-00C04F79EFBC}") = "JarvisClient", "JarvisClient\JarvisClient\JarvisClient.csproj", "{3BC0AC7E-3B3B-4D3F-9CC0-B2BDECC460A6}"
EndProject
Project("{2150E333-8FDC-42A3-9474-1A3956D46DE8}") = "Modules", "Modules", "{EAFE5192-8C75-48B1-B016-C89781082A17}"
EndProject
Project("{9A19103F-16F7-4668-BE54-9A1E7A4F7556}") = "ModuleFrameworkCore", "ModuleFrameworkCore\ModuleFrameworkCore.csproj", "{94172376-B2FA-4F3C-B449-714753ADA240}"
EndProject
Project("{FAE04EC0-301F-11D3-BF4B-00C04F79EFBC}") = "JarvisClientFramework", "Android\JarvisNetworkingFramework\JarvisClientFramework.csproj", "{6E566E61-0CBA-4A33-9978-0E635C939C42}"
EndProject
Project("{FAE04EC0-301F-11D3-BF4B-00C04F79EFBC}") = "JarvisServer", "JarvisServer\JarvisServer.csproj", "{BD5CC97E-7C6C-4B7F-B736-138F1BD18EBC}"
EndProject
Project("{FAE04EC0-301F-11D3-BF4B-00C04F79EFBC}") = "JarvisServerFramework", "JarvisServerFramework\JarvisServerFramework.csproj", "{25DB92A2-7A1C-4BBD-9E2E-C1710D138E08}"
EndProject
Global
	GlobalSection(SolutionConfigurationPlatforms) = preSolution
		Ad-Hoc|Any CPU = Ad-Hoc|Any CPU
		Ad-Hoc|ARM = Ad-Hoc|ARM
		Ad-Hoc|iPhone = Ad-Hoc|iPhone
		Ad-Hoc|iPhoneSimulator = Ad-Hoc|iPhoneSimulator
		Ad-Hoc|x64 = Ad-Hoc|x64
		Ad-Hoc|x86 = Ad-Hoc|x86
		AppStore|Any CPU = AppStore|Any CPU
		AppStore|ARM = AppStore|ARM
		AppStore|iPhone = AppStore|iPhone
		AppStore|iPhoneSimulator = AppStore|iPhoneSimulator
		AppStore|x64 = AppStore|x64
		AppStore|x86 = AppStore|x86
		Debug|Any CPU = Debug|Any CPU
		Debug|ARM = Debug|ARM
		Debug|iPhone = Debug|iPhone
		Debug|iPhoneSimulator = Debug|iPhoneSimulator
		Debug|x64 = Debug|x64
		Debug|x86 = Debug|x86
		Release|Any CPU = Release|Any CPU
		Release|ARM = Release|ARM
		Release|iPhone = Release|iPhone
		Release|iPhoneSimulator = Release|iPhoneSimulator
		Release|x64 = Release|x64
		Release|x86 = Release|x86
	EndGlobalSection
	GlobalSection(ProjectConfigurationPlatforms) = postSolution
		{3BC0AC7E-3B3B-4D3F-9CC0-B2BDECC460A6}.Ad-Hoc|Any CPU.ActiveCfg = Release|Any CPU
		{3BC0AC7E-3B3B-4D3F-9CC0-B2BDECC460A6}.Ad-Hoc|Any CPU.Build.0 = Release|Any CPU
		{3BC0AC7E-3B3B-4D3F-9CC0-B2BDECC460A6}.Ad-Hoc|Any CPU.Deploy.0 = Release|Any CPU
		{3BC0AC7E-3B3B-4D3F-9CC0-B2BDECC460A6}.Ad-Hoc|ARM.ActiveCfg = Release|Any CPU
		{3BC0AC7E-3B3B-4D3F-9CC0-B2BDECC460A6}.Ad-Hoc|ARM.Build.0 = Release|Any CPU
		{3BC0AC7E-3B3B-4D3F-9CC0-B2BDECC460A6}.Ad-Hoc|ARM.Deploy.0 = Release|Any CPU
		{3BC0AC7E-3B3B-4D3F-9CC0-B2BDECC460A6}.Ad-Hoc|iPhone.ActiveCfg = Release|Any CPU
		{3BC0AC7E-3B3B-4D3F-9CC0-B2BDECC460A6}.Ad-Hoc|iPhone.Build.0 = Release|Any CPU
		{3BC0AC7E-3B3B-4D3F-9CC0-B2BDECC460A6}.Ad-Hoc|iPhone.Deploy.0 = Release|Any CPU
		{3BC0AC7E-3B3B-4D3F-9CC0-B2BDECC460A6}.Ad-Hoc|iPhoneSimulator.ActiveCfg = Release|Any CPU
		{3BC0AC7E-3B3B-4D3F-9CC0-B2BDECC460A6}.Ad-Hoc|iPhoneSimulator.Build.0 = Release|Any CPU
		{3BC0AC7E-3B3B-4D3F-9CC0-B2BDECC460A6}.Ad-Hoc|iPhoneSimulator.Deploy.0 = Release|Any CPU
		{3BC0AC7E-3B3B-4D3F-9CC0-B2BDECC460A6}.Ad-Hoc|x64.ActiveCfg = Release|Any CPU
		{3BC0AC7E-3B3B-4D3F-9CC0-B2BDECC460A6}.Ad-Hoc|x64.Build.0 = Release|Any CPU
		{3BC0AC7E-3B3B-4D3F-9CC0-B2BDECC460A6}.Ad-Hoc|x64.Deploy.0 = Release|Any CPU
		{3BC0AC7E-3B3B-4D3F-9CC0-B2BDECC460A6}.Ad-Hoc|x86.ActiveCfg = Release|Any CPU
		{3BC0AC7E-3B3B-4D3F-9CC0-B2BDECC460A6}.Ad-Hoc|x86.Build.0 = Release|Any CPU
		{3BC0AC7E-3B3B-4D3F-9CC0-B2BDECC460A6}.Ad-Hoc|x86.Deploy.0 = Release|Any CPU
		{3BC0AC7E-3B3B-4D3F-9CC0-B2BDECC460A6}.AppStore|Any CPU.ActiveCfg = Release|Any CPU
		{3BC0AC7E-3B3B-4D3F-9CC0-B2BDECC460A6}.AppStore|Any CPU.Build.0 = Release|Any CPU
		{3BC0AC7E-3B3B-4D3F-9CC0-B2BDECC460A6}.AppStore|Any CPU.Deploy.0 = Release|Any CPU
		{3BC0AC7E-3B3B-4D3F-9CC0-B2BDECC460A6}.AppStore|ARM.ActiveCfg = Release|Any CPU
		{3BC0AC7E-3B3B-4D3F-9CC0-B2BDECC460A6}.AppStore|ARM.Build.0 = Release|Any CPU
		{3BC0AC7E-3B3B-4D3F-9CC0-B2BDECC460A6}.AppStore|ARM.Deploy.0 = Release|Any CPU
		{3BC0AC7E-3B3B-4D3F-9CC0-B2BDECC460A6}.AppStore|iPhone.ActiveCfg = Release|Any CPU
		{3BC0AC7E-3B3B-4D3F-9CC0-B2BDECC460A6}.AppStore|iPhone.Build.0 = Release|Any CPU
		{3BC0AC7E-3B3B-4D3F-9CC0-B2BDECC460A6}.AppStore|iPhone.Deploy.0 = Release|Any CPU
		{3BC0AC7E-3B3B-4D3F-9CC0-B2BDECC460A6}.AppStore|iPhoneSimulator.ActiveCfg = Release|Any CPU
		{3BC0AC7E-3B3B-4D3F-9CC0-B2BDECC460A6}.AppStore|iPhoneSimulator.Build.0 = Release|Any CPU
		{3BC0AC7E-3B3B-4D3F-9CC0-B2BDECC460A6}.AppStore|iPhoneSimulator.Deploy.0 = Release|Any CPU
		{3BC0AC7E-3B3B-4D3F-9CC0-B2BDECC460A6}.AppStore|x64.ActiveCfg = Release|Any CPU
		{3BC0AC7E-3B3B-4D3F-9CC0-B2BDECC460A6}.AppStore|x64.Build.0 = Release|Any CPU
		{3BC0AC7E-3B3B-4D3F-9CC0-B2BDECC460A6}.AppStore|x64.Deploy.0 = Release|Any CPU
		{3BC0AC7E-3B3B-4D3F-9CC0-B2BDECC460A6}.AppStore|x86.ActiveCfg = Release|Any CPU
		{3BC0AC7E-3B3B-4D3F-9CC0-B2BDECC460A6}.AppStore|x86.Build.0 = Release|Any CPU
		{3BC0AC7E-3B3B-4D3F-9CC0-B2BDECC460A6}.AppStore|x86.Deploy.0 = Release|Any CPU
		{3BC0AC7E-3B3B-4D3F-9CC0-B2BDECC460A6}.Debug|Any CPU.ActiveCfg = Debug|Any CPU
		{3BC0AC7E-3B3B-4D3F-9CC0-B2BDECC460A6}.Debug|Any CPU.Build.0 = Debug|Any CPU
		{3BC0AC7E-3B3B-4D3F-9CC0-B2BDECC460A6}.Debug|Any CPU.Deploy.0 = Debug|Any CPU
		{3BC0AC7E-3B3B-4D3F-9CC0-B2BDECC460A6}.Debug|ARM.ActiveCfg = Debug|Any CPU
		{3BC0AC7E-3B3B-4D3F-9CC0-B2BDECC460A6}.Debug|ARM.Build.0 = Debug|Any CPU
		{3BC0AC7E-3B3B-4D3F-9CC0-B2BDECC460A6}.Debug|ARM.Deploy.0 = Debug|Any CPU
		{3BC0AC7E-3B3B-4D3F-9CC0-B2BDECC460A6}.Debug|iPhone.ActiveCfg = Debug|Any CPU
		{3BC0AC7E-3B3B-4D3F-9CC0-B2BDECC460A6}.Debug|iPhone.Build.0 = Debug|Any CPU
		{3BC0AC7E-3B3B-4D3F-9CC0-B2BDECC460A6}.Debug|iPhone.Deploy.0 = Debug|Any CPU
		{3BC0AC7E-3B3B-4D3F-9CC0-B2BDECC460A6}.Debug|iPhoneSimulator.ActiveCfg = Debug|Any CPU
		{3BC0AC7E-3B3B-4D3F-9CC0-B2BDECC460A6}.Debug|iPhoneSimulator.Build.0 = Debug|Any CPU
		{3BC0AC7E-3B3B-4D3F-9CC0-B2BDECC460A6}.Debug|iPhoneSimulator.Deploy.0 = Debug|Any CPU
		{3BC0AC7E-3B3B-4D3F-9CC0-B2BDECC460A6}.Debug|x64.ActiveCfg = Debug|Any CPU
		{3BC0AC7E-3B3B-4D3F-9CC0-B2BDECC460A6}.Debug|x64.Build.0 = Debug|Any CPU
		{3BC0AC7E-3B3B-4D3F-9CC0-B2BDECC460A6}.Debug|x64.Deploy.0 = Debug|Any CPU
		{3BC0AC7E-3B3B-4D3F-9CC0-B2BDECC460A6}.Debug|x86.ActiveCfg = Debug|Any CPU
		{3BC0AC7E-3B3B-4D3F-9CC0-B2BDECC460A6}.Debug|x86.Build.0 = Debug|Any CPU
		{3BC0AC7E-3B3B-4D3F-9CC0-B2BDECC460A6}.Debug|x86.Deploy.0 = Debug|Any CPU
		{3BC0AC7E-3B3B-4D3F-9CC0-B2BDECC460A6}.Release|Any CPU.ActiveCfg = Release|Any CPU
		{3BC0AC7E-3B3B-4D3F-9CC0-B2BDECC460A6}.Release|Any CPU.Build.0 = Release|Any CPU
		{3BC0AC7E-3B3B-4D3F-9CC0-B2BDECC460A6}.Release|Any CPU.Deploy.0 = Release|Any CPU
		{3BC0AC7E-3B3B-4D3F-9CC0-B2BDECC460A6}.Release|ARM.ActiveCfg = Release|Any CPU
		{3BC0AC7E-3B3B-4D3F-9CC0-B2BDECC460A6}.Release|ARM.Build.0 = Release|Any CPU
		{3BC0AC7E-3B3B-4D3F-9CC0-B2BDECC460A6}.Release|ARM.Deploy.0 = Release|Any CPU
		{3BC0AC7E-3B3B-4D3F-9CC0-B2BDECC460A6}.Release|iPhone.ActiveCfg = Release|Any CPU
		{3BC0AC7E-3B3B-4D3F-9CC0-B2BDECC460A6}.Release|iPhone.Build.0 = Release|Any CPU
		{3BC0AC7E-3B3B-4D3F-9CC0-B2BDECC460A6}.Release|iPhone.Deploy.0 = Release|Any CPU
		{3BC0AC7E-3B3B-4D3F-9CC0-B2BDECC460A6}.Release|iPhoneSimulator.ActiveCfg = Release|Any CPU
		{3BC0AC7E-3B3B-4D3F-9CC0-B2BDECC460A6}.Release|iPhoneSimulator.Build.0 = Release|Any CPU
		{3BC0AC7E-3B3B-4D3F-9CC0-B2BDECC460A6}.Release|iPhoneSimulator.Deploy.0 = Release|Any CPU
		{3BC0AC7E-3B3B-4D3F-9CC0-B2BDECC460A6}.Release|x64.ActiveCfg = Release|Any CPU
		{3BC0AC7E-3B3B-4D3F-9CC0-B2BDECC460A6}.Release|x64.Build.0 = Release|Any CPU
		{3BC0AC7E-3B3B-4D3F-9CC0-B2BDECC460A6}.Release|x64.Deploy.0 = Release|Any CPU
		{3BC0AC7E-3B3B-4D3F-9CC0-B2BDECC460A6}.Release|x86.ActiveCfg = Release|Any CPU
		{3BC0AC7E-3B3B-4D3F-9CC0-B2BDECC460A6}.Release|x86.Build.0 = Release|Any CPU
		{3BC0AC7E-3B3B-4D3F-9CC0-B2BDECC460A6}.Release|x86.Deploy.0 = Release|Any CPU
		{94172376-B2FA-4F3C-B449-714753ADA240}.Ad-Hoc|Any CPU.ActiveCfg = Debug|Any CPU
		{94172376-B2FA-4F3C-B449-714753ADA240}.Ad-Hoc|Any CPU.Build.0 = Debug|Any CPU
		{94172376-B2FA-4F3C-B449-714753ADA240}.Ad-Hoc|ARM.ActiveCfg = Debug|Any CPU
		{94172376-B2FA-4F3C-B449-714753ADA240}.Ad-Hoc|ARM.Build.0 = Debug|Any CPU
		{94172376-B2FA-4F3C-B449-714753ADA240}.Ad-Hoc|iPhone.ActiveCfg = Debug|Any CPU
		{94172376-B2FA-4F3C-B449-714753ADA240}.Ad-Hoc|iPhone.Build.0 = Debug|Any CPU
		{94172376-B2FA-4F3C-B449-714753ADA240}.Ad-Hoc|iPhoneSimulator.ActiveCfg = Debug|Any CPU
		{94172376-B2FA-4F3C-B449-714753ADA240}.Ad-Hoc|iPhoneSimulator.Build.0 = Debug|Any CPU
		{94172376-B2FA-4F3C-B449-714753ADA240}.Ad-Hoc|x64.ActiveCfg = Debug|Any CPU
		{94172376-B2FA-4F3C-B449-714753ADA240}.Ad-Hoc|x64.Build.0 = Debug|Any CPU
		{94172376-B2FA-4F3C-B449-714753ADA240}.Ad-Hoc|x86.ActiveCfg = Debug|Any CPU
		{94172376-B2FA-4F3C-B449-714753ADA240}.Ad-Hoc|x86.Build.0 = Debug|Any CPU
		{94172376-B2FA-4F3C-B449-714753ADA240}.AppStore|Any CPU.ActiveCfg = Debug|Any CPU
		{94172376-B2FA-4F3C-B449-714753ADA240}.AppStore|Any CPU.Build.0 = Debug|Any CPU
		{94172376-B2FA-4F3C-B449-714753ADA240}.AppStore|ARM.ActiveCfg = Debug|Any CPU
		{94172376-B2FA-4F3C-B449-714753ADA240}.AppStore|ARM.Build.0 = Debug|Any CPU
		{94172376-B2FA-4F3C-B449-714753ADA240}.AppStore|iPhone.ActiveCfg = Debug|Any CPU
		{94172376-B2FA-4F3C-B449-714753ADA240}.AppStore|iPhone.Build.0 = Debug|Any CPU
		{94172376-B2FA-4F3C-B449-714753ADA240}.AppStore|iPhoneSimulator.ActiveCfg = Debug|Any CPU
		{94172376-B2FA-4F3C-B449-714753ADA240}.AppStore|iPhoneSimulator.Build.0 = Debug|Any CPU
		{94172376-B2FA-4F3C-B449-714753ADA240}.AppStore|x64.ActiveCfg = Debug|Any CPU
		{94172376-B2FA-4F3C-B449-714753ADA240}.AppStore|x64.Build.0 = Debug|Any CPU
		{94172376-B2FA-4F3C-B449-714753ADA240}.AppStore|x86.ActiveCfg = Debug|Any CPU
		{94172376-B2FA-4F3C-B449-714753ADA240}.AppStore|x86.Build.0 = Debug|Any CPU
		{94172376-B2FA-4F3C-B449-714753ADA240}.Debug|Any CPU.ActiveCfg = Debug|Any CPU
		{94172376-B2FA-4F3C-B449-714753ADA240}.Debug|Any CPU.Build.0 = Debug|Any CPU
		{94172376-B2FA-4F3C-B449-714753ADA240}.Debug|ARM.ActiveCfg = Debug|Any CPU
		{94172376-B2FA-4F3C-B449-714753ADA240}.Debug|ARM.Build.0 = Debug|Any CPU
		{94172376-B2FA-4F3C-B449-714753ADA240}.Debug|iPhone.ActiveCfg = Debug|Any CPU
		{94172376-B2FA-4F3C-B449-714753ADA240}.Debug|iPhone.Build.0 = Debug|Any CPU
		{94172376-B2FA-4F3C-B449-714753ADA240}.Debug|iPhoneSimulator.ActiveCfg = Debug|Any CPU
		{94172376-B2FA-4F3C-B449-714753ADA240}.Debug|iPhoneSimulator.Build.0 = Debug|Any CPU
		{94172376-B2FA-4F3C-B449-714753ADA240}.Debug|x64.ActiveCfg = Debug|Any CPU
		{94172376-B2FA-4F3C-B449-714753ADA240}.Debug|x64.Build.0 = Debug|Any CPU
		{94172376-B2FA-4F3C-B449-714753ADA240}.Debug|x86.ActiveCfg = Debug|Any CPU
		{94172376-B2FA-4F3C-B449-714753ADA240}.Debug|x86.Build.0 = Debug|Any CPU
		{94172376-B2FA-4F3C-B449-714753ADA240}.Release|Any CPU.ActiveCfg = Release|Any CPU
		{94172376-B2FA-4F3C-B449-714753ADA240}.Release|Any CPU.Build.0 = Release|Any CPU
		{94172376-B2FA-4F3C-B449-714753ADA240}.Release|ARM.ActiveCfg = Release|Any CPU
		{94172376-B2FA-4F3C-B449-714753ADA240}.Release|ARM.Build.0 = Release|Any CPU
		{94172376-B2FA-4F3C-B449-714753ADA240}.Release|iPhone.ActiveCfg = Release|Any CPU
		{94172376-B2FA-4F3C-B449-714753ADA240}.Release|iPhone.Build.0 = Release|Any CPU
		{94172376-B2FA-4F3C-B449-714753ADA240}.Release|iPhoneSimulator.ActiveCfg = Release|Any CPU
		{94172376-B2FA-4F3C-B449-714753ADA240}.Release|iPhoneSimulator.Build.0 = Release|Any CPU
		{94172376-B2FA-4F3C-B449-714753ADA240}.Release|x64.ActiveCfg = Release|Any CPU
		{94172376-B2FA-4F3C-B449-714753ADA240}.Release|x64.Build.0 = Release|Any CPU
		{94172376-B2FA-4F3C-B449-714753ADA240}.Release|x86.ActiveCfg = Release|Any CPU
		{94172376-B2FA-4F3C-B449-714753ADA240}.Release|x86.Build.0 = Release|Any CPU
		{6E566E61-0CBA-4A33-9978-0E635C939C42}.Ad-Hoc|Any CPU.ActiveCfg = Release|Any CPU
		{6E566E61-0CBA-4A33-9978-0E635C939C42}.Ad-Hoc|Any CPU.Build.0 = Release|Any CPU
		{6E566E61-0CBA-4A33-9978-0E635C939C42}.Ad-Hoc|ARM.ActiveCfg = Release|Any CPU
		{6E566E61-0CBA-4A33-9978-0E635C939C42}.Ad-Hoc|ARM.Build.0 = Release|Any CPU
		{6E566E61-0CBA-4A33-9978-0E635C939C42}.Ad-Hoc|iPhone.ActiveCfg = Release|Any CPU
		{6E566E61-0CBA-4A33-9978-0E635C939C42}.Ad-Hoc|iPhone.Build.0 = Release|Any CPU
		{6E566E61-0CBA-4A33-9978-0E635C939C42}.Ad-Hoc|iPhoneSimulator.ActiveCfg = Release|Any CPU
		{6E566E61-0CBA-4A33-9978-0E635C939C42}.Ad-Hoc|iPhoneSimulator.Build.0 = Release|Any CPU
		{6E566E61-0CBA-4A33-9978-0E635C939C42}.Ad-Hoc|x64.ActiveCfg = Release|Any CPU
		{6E566E61-0CBA-4A33-9978-0E635C939C42}.Ad-Hoc|x64.Build.0 = Release|Any CPU
		{6E566E61-0CBA-4A33-9978-0E635C939C42}.Ad-Hoc|x86.ActiveCfg = Release|Any CPU
		{6E566E61-0CBA-4A33-9978-0E635C939C42}.Ad-Hoc|x86.Build.0 = Release|Any CPU
		{6E566E61-0CBA-4A33-9978-0E635C939C42}.AppStore|Any CPU.ActiveCfg = Release|Any CPU
		{6E566E61-0CBA-4A33-9978-0E635C939C42}.AppStore|Any CPU.Build.0 = Release|Any CPU
		{6E566E61-0CBA-4A33-9978-0E635C939C42}.AppStore|ARM.ActiveCfg = Release|Any CPU
		{6E566E61-0CBA-4A33-9978-0E635C939C42}.AppStore|ARM.Build.0 = Release|Any CPU
		{6E566E61-0CBA-4A33-9978-0E635C939C42}.AppStore|iPhone.ActiveCfg = Release|Any CPU
		{6E566E61-0CBA-4A33-9978-0E635C939C42}.AppStore|iPhone.Build.0 = Release|Any CPU
		{6E566E61-0CBA-4A33-9978-0E635C939C42}.AppStore|iPhoneSimulator.ActiveCfg = Release|Any CPU
		{6E566E61-0CBA-4A33-9978-0E635C939C42}.AppStore|iPhoneSimulator.Build.0 = Release|Any CPU
		{6E566E61-0CBA-4A33-9978-0E635C939C42}.AppStore|x64.ActiveCfg = Release|Any CPU
		{6E566E61-0CBA-4A33-9978-0E635C939C42}.AppStore|x64.Build.0 = Release|Any CPU
		{6E566E61-0CBA-4A33-9978-0E635C939C42}.AppStore|x86.ActiveCfg = Release|Any CPU
		{6E566E61-0CBA-4A33-9978-0E635C939C42}.AppStore|x86.Build.0 = Release|Any CPU
		{6E566E61-0CBA-4A33-9978-0E635C939C42}.Debug|Any CPU.ActiveCfg = Debug|Any CPU
		{6E566E61-0CBA-4A33-9978-0E635C939C42}.Debug|Any CPU.Build.0 = Debug|Any CPU
		{6E566E61-0CBA-4A33-9978-0E635C939C42}.Debug|ARM.ActiveCfg = Debug|Any CPU
		{6E566E61-0CBA-4A33-9978-0E635C939C42}.Debug|ARM.Build.0 = Debug|Any CPU
		{6E566E61-0CBA-4A33-9978-0E635C939C42}.Debug|iPhone.ActiveCfg = Debug|Any CPU
		{6E566E61-0CBA-4A33-9978-0E635C939C42}.Debug|iPhone.Build.0 = Debug|Any CPU
		{6E566E61-0CBA-4A33-9978-0E635C939C42}.Debug|iPhoneSimulator.ActiveCfg = Debug|Any CPU
		{6E566E61-0CBA-4A33-9978-0E635C939C42}.Debug|iPhoneSimulator.Build.0 = Debug|Any CPU
		{6E566E61-0CBA-4A33-9978-0E635C939C42}.Debug|x64.ActiveCfg = Debug|Any CPU
		{6E566E61-0CBA-4A33-9978-0E635C939C42}.Debug|x64.Build.0 = Debug|Any CPU
		{6E566E61-0CBA-4A33-9978-0E635C939C42}.Debug|x86.ActiveCfg = Debug|Any CPU
		{6E566E61-0CBA-4A33-9978-0E635C939C42}.Debug|x86.Build.0 = Debug|Any CPU
		{6E566E61-0CBA-4A33-9978-0E635C939C42}.Release|Any CPU.ActiveCfg = Release|Any CPU
		{6E566E61-0CBA-4A33-9978-0E635C939C42}.Release|Any CPU.Build.0 = Release|Any CPU
		{6E566E61-0CBA-4A33-9978-0E635C939C42}.Release|ARM.ActiveCfg = Release|Any CPU
		{6E566E61-0CBA-4A33-9978-0E635C939C42}.Release|ARM.Build.0 = Release|Any CPU
		{6E566E61-0CBA-4A33-9978-0E635C939C42}.Release|iPhone.ActiveCfg = Release|Any CPU
		{6E566E61-0CBA-4A33-9978-0E635C939C42}.Release|iPhone.Build.0 = Release|Any CPU
		{6E566E61-0CBA-4A33-9978-0E635C939C42}.Release|iPhoneSimulator.ActiveCfg = Release|Any CPU
		{6E566E61-0CBA-4A33-9978-0E635C939C42}.Release|iPhoneSimulator.Build.0 = Release|Any CPU
		{6E566E61-0CBA-4A33-9978-0E635C939C42}.Release|x64.ActiveCfg = Release|Any CPU
		{6E566E61-0CBA-4A33-9978-0E635C939C42}.Release|x64.Build.0 = Release|Any CPU
		{6E566E61-0CBA-4A33-9978-0E635C939C42}.Release|x86.ActiveCfg = Release|Any CPU
		{6E566E61-0CBA-4A33-9978-0E635C939C42}.Release|x86.Build.0 = Release|Any CPU
		{BD5CC97E-7C6C-4B7F-B736-138F1BD18EBC}.Ad-Hoc|Any CPU.ActiveCfg = Release|Any CPU
		{BD5CC97E-7C6C-4B7F-B736-138F1BD18EBC}.Ad-Hoc|Any CPU.Build.0 = Release|Any CPU
		{BD5CC97E-7C6C-4B7F-B736-138F1BD18EBC}.Ad-Hoc|ARM.ActiveCfg = Release|Any CPU
		{BD5CC97E-7C6C-4B7F-B736-138F1BD18EBC}.Ad-Hoc|ARM.Build.0 = Release|Any CPU
		{BD5CC97E-7C6C-4B7F-B736-138F1BD18EBC}.Ad-Hoc|iPhone.ActiveCfg = Release|Any CPU
		{BD5CC97E-7C6C-4B7F-B736-138F1BD18EBC}.Ad-Hoc|iPhone.Build.0 = Release|Any CPU
		{BD5CC97E-7C6C-4B7F-B736-138F1BD18EBC}.Ad-Hoc|iPhoneSimulator.ActiveCfg = Release|Any CPU
		{BD5CC97E-7C6C-4B7F-B736-138F1BD18EBC}.Ad-Hoc|iPhoneSimulator.Build.0 = Release|Any CPU
		{BD5CC97E-7C6C-4B7F-B736-138F1BD18EBC}.Ad-Hoc|x64.ActiveCfg = Release|Any CPU
		{BD5CC97E-7C6C-4B7F-B736-138F1BD18EBC}.Ad-Hoc|x64.Build.0 = Release|Any CPU
		{BD5CC97E-7C6C-4B7F-B736-138F1BD18EBC}.Ad-Hoc|x86.ActiveCfg = Release|Any CPU
		{BD5CC97E-7C6C-4B7F-B736-138F1BD18EBC}.Ad-Hoc|x86.Build.0 = Release|Any CPU
		{BD5CC97E-7C6C-4B7F-B736-138F1BD18EBC}.AppStore|Any CPU.ActiveCfg = Release|Any CPU
		{BD5CC97E-7C6C-4B7F-B736-138F1BD18EBC}.AppStore|Any CPU.Build.0 = Release|Any CPU
		{BD5CC97E-7C6C-4B7F-B736-138F1BD18EBC}.AppStore|ARM.ActiveCfg = Release|Any CPU
		{BD5CC97E-7C6C-4B7F-B736-138F1BD18EBC}.AppStore|ARM.Build.0 = Release|Any CPU
		{BD5CC97E-7C6C-4B7F-B736-138F1BD18EBC}.AppStore|iPhone.ActiveCfg = Release|Any CPU
		{BD5CC97E-7C6C-4B7F-B736-138F1BD18EBC}.AppStore|iPhone.Build.0 = Release|Any CPU
		{BD5CC97E-7C6C-4B7F-B736-138F1BD18EBC}.AppStore|iPhoneSimulator.ActiveCfg = Release|Any CPU
		{BD5CC97E-7C6C-4B7F-B736-138F1BD18EBC}.AppStore|iPhoneSimulator.Build.0 = Release|Any CPU
		{BD5CC97E-7C6C-4B7F-B736-138F1BD18EBC}.AppStore|x64.ActiveCfg = Release|Any CPU
		{BD5CC97E-7C6C-4B7F-B736-138F1BD18EBC}.AppStore|x64.Build.0 = Release|Any CPU
		{BD5CC97E-7C6C-4B7F-B736-138F1BD18EBC}.AppStore|x86.ActiveCfg = Release|Any CPU
		{BD5CC97E-7C6C-4B7F-B736-138F1BD18EBC}.AppStore|x86.Build.0 = Release|Any CPU
		{BD5CC97E-7C6C-4B7F-B736-138F1BD18EBC}.Debug|Any CPU.ActiveCfg = Debug|Any CPU
		{BD5CC97E-7C6C-4B7F-B736-138F1BD18EBC}.Debug|Any CPU.Build.0 = Debug|Any CPU
		{BD5CC97E-7C6C-4B7F-B736-138F1BD18EBC}.Debug|ARM.ActiveCfg = Debug|Any CPU
		{BD5CC97E-7C6C-4B7F-B736-138F1BD18EBC}.Debug|ARM.Build.0 = Debug|Any CPU
		{BD5CC97E-7C6C-4B7F-B736-138F1BD18EBC}.Debug|iPhone.ActiveCfg = Debug|Any CPU
		{BD5CC97E-7C6C-4B7F-B736-138F1BD18EBC}.Debug|iPhone.Build.0 = Debug|Any CPU
		{BD5CC97E-7C6C-4B7F-B736-138F1BD18EBC}.Debug|iPhoneSimulator.ActiveCfg = Debug|Any CPU
		{BD5CC97E-7C6C-4B7F-B736-138F1BD18EBC}.Debug|iPhoneSimulator.Build.0 = Debug|Any CPU
		{BD5CC97E-7C6C-4B7F-B736-138F1BD18EBC}.Debug|x64.ActiveCfg = Debug|Any CPU
		{BD5CC97E-7C6C-4B7F-B736-138F1BD18EBC}.Debug|x64.Build.0 = Debug|Any CPU
		{BD5CC97E-7C6C-4B7F-B736-138F1BD18EBC}.Debug|x86.ActiveCfg = Debug|Any CPU
		{BD5CC97E-7C6C-4B7F-B736-138F1BD18EBC}.Debug|x86.Build.0 = Debug|Any CPU
		{BD5CC97E-7C6C-4B7F-B736-138F1BD18EBC}.Release|Any CPU.ActiveCfg = Release|Any CPU
		{BD5CC97E-7C6C-4B7F-B736-138F1BD18EBC}.Release|Any CPU.Build.0 = Release|Any CPU
		{BD5CC97E-7C6C-4B7F-B736-138F1BD18EBC}.Release|ARM.ActiveCfg = Release|Any CPU
		{BD5CC97E-7C6C-4B7F-B736-138F1BD18EBC}.Release|ARM.Build.0 = Release|Any CPU
		{BD5CC97E-7C6C-4B7F-B736-138F1BD18EBC}.Release|iPhone.ActiveCfg = Release|Any CPU
		{BD5CC97E-7C6C-4B7F-B736-138F1BD18EBC}.Release|iPhone.Build.0 = Release|Any CPU
		{BD5CC97E-7C6C-4B7F-B736-138F1BD18EBC}.Release|iPhoneSimulator.ActiveCfg = Release|Any CPU
		{BD5CC97E-7C6C-4B7F-B736-138F1BD18EBC}.Release|iPhoneSimulator.Build.0 = Release|Any CPU
		{BD5CC97E-7C6C-4B7F-B736-138F1BD18EBC}.Release|x64.ActiveCfg = Release|Any CPU
		{BD5CC97E-7C6C-4B7F-B736-138F1BD18EBC}.Release|x64.Build.0 = Release|Any CPU
		{BD5CC97E-7C6C-4B7F-B736-138F1BD18EBC}.Release|x86.ActiveCfg = Release|Any CPU
		{BD5CC97E-7C6C-4B7F-B736-138F1BD18EBC}.Release|x86.Build.0 = Release|Any CPU
		{25DB92A2-7A1C-4BBD-9E2E-C1710D138E08}.Ad-Hoc|Any CPU.ActiveCfg = Release|Any CPU
		{25DB92A2-7A1C-4BBD-9E2E-C1710D138E08}.Ad-Hoc|Any CPU.Build.0 = Release|Any CPU
		{25DB92A2-7A1C-4BBD-9E2E-C1710D138E08}.Ad-Hoc|ARM.ActiveCfg = Release|Any CPU
		{25DB92A2-7A1C-4BBD-9E2E-C1710D138E08}.Ad-Hoc|ARM.Build.0 = Release|Any CPU
		{25DB92A2-7A1C-4BBD-9E2E-C1710D138E08}.Ad-Hoc|iPhone.ActiveCfg = Release|Any CPU
		{25DB92A2-7A1C-4BBD-9E2E-C1710D138E08}.Ad-Hoc|iPhone.Build.0 = Release|Any CPU
		{25DB92A2-7A1C-4BBD-9E2E-C1710D138E08}.Ad-Hoc|iPhoneSimulator.ActiveCfg = Release|Any CPU
		{25DB92A2-7A1C-4BBD-9E2E-C1710D138E08}.Ad-Hoc|iPhoneSimulator.Build.0 = Release|Any CPU
		{25DB92A2-7A1C-4BBD-9E2E-C1710D138E08}.Ad-Hoc|x64.ActiveCfg = Release|Any CPU
		{25DB92A2-7A1C-4BBD-9E2E-C1710D138E08}.Ad-Hoc|x64.Build.0 = Release|Any CPU
		{25DB92A2-7A1C-4BBD-9E2E-C1710D138E08}.Ad-Hoc|x86.ActiveCfg = Release|Any CPU
		{25DB92A2-7A1C-4BBD-9E2E-C1710D138E08}.Ad-Hoc|x86.Build.0 = Release|Any CPU
		{25DB92A2-7A1C-4BBD-9E2E-C1710D138E08}.AppStore|Any CPU.ActiveCfg = Release|Any CPU
		{25DB92A2-7A1C-4BBD-9E2E-C1710D138E08}.AppStore|Any CPU.Build.0 = Release|Any CPU
		{25DB92A2-7A1C-4BBD-9E2E-C1710D138E08}.AppStore|ARM.ActiveCfg = Release|Any CPU
		{25DB92A2-7A1C-4BBD-9E2E-C1710D138E08}.AppStore|ARM.Build.0 = Release|Any CPU
		{25DB92A2-7A1C-4BBD-9E2E-C1710D138E08}.AppStore|iPhone.ActiveCfg = Release|Any CPU
		{25DB92A2-7A1C-4BBD-9E2E-C1710D138E08}.AppStore|iPhone.Build.0 = Release|Any CPU
		{25DB92A2-7A1C-4BBD-9E2E-C1710D138E08}.AppStore|iPhoneSimulator.ActiveCfg = Release|Any CPU
		{25DB92A2-7A1C-4BBD-9E2E-C1710D138E08}.AppStore|iPhoneSimulator.Build.0 = Release|Any CPU
		{25DB92A2-7A1C-4BBD-9E2E-C1710D138E08}.AppStore|x64.ActiveCfg = Release|Any CPU
		{25DB92A2-7A1C-4BBD-9E2E-C1710D138E08}.AppStore|x64.Build.0 = Release|Any CPU
		{25DB92A2-7A1C-4BBD-9E2E-C1710D138E08}.AppStore|x86.ActiveCfg = Release|Any CPU
		{25DB92A2-7A1C-4BBD-9E2E-C1710D138E08}.AppStore|x86.Build.0 = Release|Any CPU
		{25DB92A2-7A1C-4BBD-9E2E-C1710D138E08}.Debug|Any CPU.ActiveCfg = Debug|Any CPU
		{25DB92A2-7A1C-4BBD-9E2E-C1710D138E08}.Debug|Any CPU.Build.0 = Debug|Any CPU
		{25DB92A2-7A1C-4BBD-9E2E-C1710D138E08}.Debug|ARM.ActiveCfg = Debug|Any CPU
		{25DB92A2-7A1C-4BBD-9E2E-C1710D138E08}.Debug|ARM.Build.0 = Debug|Any CPU
		{25DB92A2-7A1C-4BBD-9E2E-C1710D138E08}.Debug|iPhone.ActiveCfg = Debug|Any CPU
		{25DB92A2-7A1C-4BBD-9E2E-C1710D138E08}.Debug|iPhone.Build.0 = Debug|Any CPU
		{25DB92A2-7A1C-4BBD-9E2E-C1710D138E08}.Debug|iPhoneSimulator.ActiveCfg = Debug|Any CPU
		{25DB92A2-7A1C-4BBD-9E2E-C1710D138E08}.Debug|iPhoneSimulator.Build.0 = Debug|Any CPU
		{25DB92A2-7A1C-4BBD-9E2E-C1710D138E08}.Debug|x64.ActiveCfg = Debug|Any CPU
		{25DB92A2-7A1C-4BBD-9E2E-C1710D138E08}.Debug|x64.Build.0 = Debug|Any CPU
		{25DB92A2-7A1C-4BBD-9E2E-C1710D138E08}.Debug|x86.ActiveCfg = Debug|Any CPU
		{25DB92A2-7A1C-4BBD-9E2E-C1710D138E08}.Debug|x86.Build.0 = Debug|Any CPU
		{25DB92A2-7A1C-4BBD-9E2E-C1710D138E08}.Release|Any CPU.ActiveCfg = Release|Any CPU
		{25DB92A2-7A1C-4BBD-9E2E-C1710D138E08}.Release|Any CPU.Build.0 = Release|Any CPU
		{25DB92A2-7A1C-4BBD-9E2E-C1710D138E08}.Release|ARM.ActiveCfg = Release|Any CPU
		{25DB92A2-7A1C-4BBD-9E2E-C1710D138E08}.Release|ARM.Build.0 = Release|Any CPU
		{25DB92A2-7A1C-4BBD-9E2E-C1710D138E08}.Release|iPhone.ActiveCfg = Release|Any CPU
		{25DB92A2-7A1C-4BBD-9E2E-C1710D138E08}.Release|iPhone.Build.0 = Release|Any CPU
		{25DB92A2-7A1C-4BBD-9E2E-C1710D138E08}.Release|iPhoneSimulator.ActiveCfg = Release|Any CPU
		{25DB92A2-7A1C-4BBD-9E2E-C1710D138E08}.Release|iPhoneSimulator.Build.0 = Release|Any CPU
		{25DB92A2-7A1C-4BBD-9E2E-C1710D138E08}.Release|x64.ActiveCfg = Release|Any CPU
		{25DB92A2-7A1C-4BBD-9E2E-C1710D138E08}.Release|x64.Build.0 = Release|Any CPU
		{25DB92A2-7A1C-4BBD-9E2E-C1710D138E08}.Release|x86.ActiveCfg = Release|Any CPU
		{25DB92A2-7A1C-4BBD-9E2E-C1710D138E08}.Release|x86.Build.0 = Release|Any CPU
	EndGlobalSection
	GlobalSection(SolutionProperties) = preSolution
		HideSolutionNode = FALSE
	EndGlobalSection
	GlobalSection(NestedProjects) = preSolution
		{3BC0AC7E-3B3B-4D3F-9CC0-B2BDECC460A6} = {7F766780-4DA8-4257-8D75-9D432C95CBB4}
		{94172376-B2FA-4F3C-B449-714753ADA240} = {EAFE5192-8C75-48B1-B016-C89781082A17}
		{6E566E61-0CBA-4A33-9978-0E635C939C42} = {7F766780-4DA8-4257-8D75-9D432C95CBB4}
		{25DB92A2-7A1C-4BBD-9E2E-C1710D138E08} = {EAFE5192-8C75-48B1-B016-C89781082A17}
	EndGlobalSection
	GlobalSection(ExtensibilityGlobals) = postSolution
		SolutionGuid = {7F47540E-695F-421D-8C2B-6E122E5F1E10}
	EndGlobalSection
EndGlobal
